
Microsoft Visual Studio Solution File, Format Version 11.00
# Visual Studio 2010
Project("{8BC9CEB8-8B4A-11D0-8D11-00A0C91BC942}") = "test", "test.vcxproj", "{990CDA01-AF96-0318-0DF9-D294C43A7CD4}"
EndProject
Global
	GlobalSection(SolutionConfigurationPlatforms) = preSolution
		Debug|Win32 = Debug|Win32
		Release|Win32 = Release|Win32
	EndGlobalSection
	GlobalSection(ProjectConfigurationPlatforms) = postSolution
		{990CDA01-AF96-0318-0DF9-D294C43A7CD4}.Debug|Win32.ActiveCfg = Debug|Win32
		{990CDA01-AF96-0318-0DF9-D294C43A7CD4}.Debug|Win32.Build.0 = Debug|Win32
		{990CDA01-AF96-0318-0DF9-D294C43A7CD4}.Release|Win32.ActiveCfg = Release|Win32
		{990CDA01-AF96-0318-0DF9-D294C43A7CD4}.Release|Win32.Build.0 = Release|Win32
	EndGlobalSection
	GlobalSection(SolutionProperties) = preSolution
		HideSolutionNode = FALSE
	EndGlobalSection
EndGlobal
